
Microsoft Visual Studio Solution File, Format Version 12.00
# Visual Studio Version 16
VisualStudioVersion = 16.0.31410.357
MinimumVisualStudioVersion = 10.0.40219.1
Project("{FAE04EC0-301F-11D3-BF4B-00C04F79EFBC}") = "Soduku Solver", "Soduku Solver.csproj", "{718AC750-040D-4354-B173-76763C7487CE}"
EndProject
Global
	GlobalSection(SolutionConfigurationPlatforms) = preSolution
		Debug|Any CPU = Debug|Any CPU
		Release|Any CPU = Release|Any CPU
	EndGlobalSection
	GlobalSection(ProjectConfigurationPlatforms) = postSolution
		{718AC750-040D-4354-B173-76763C7487CE}.Debug|Any CPU.ActiveCfg = Debug|Any CPU
		{718AC750-040D-4354-B173-76763C7487CE}.Debug|Any CPU.Build.0 = Debug|Any CPU
		{718AC750-040D-4354-B173-76763C7487CE}.Release|Any CPU.ActiveCfg = Release|Any CPU
		{718AC750-040D-4354-B173-76763C7487CE}.Release|Any CPU.Build.0 = Release|Any CPU
	EndGlobalSection
	GlobalSection(SolutionProperties) = preSolution
		HideSolutionNode = FALSE
	EndGlobalSection
	GlobalSection(ExtensibilityGlobals) = postSolution
		SolutionGuid = {E5E3A267-C1D1-4C6A-B1A8-23239028E147}
	EndGlobalSection
EndGlobal
